{
  "name": "cpuinfo-aplicaci-n",
  "lockfileVersion": 3,
  "requires": true,
  "packages": {
    "": {
      "dependencies": {
        "@firebase/auth": "^1.7.2"
      }
    },
    "node_modules/@fastify/busboy": {
      "version": "2.1.1",
      "resolved": "https://registry.npmjs.org/@fastify/busboy/-/busboy-2.1.1.tgz",
      "integrity": "sha512-vBZP4NlzfOlerQTnba4aqZoMhE/a9HY7HRqoOPaETQcSQuWEIyZMHGfVu6w9wGtGK5fED5qRs2DteVCjOH60sA==",
      "engines": {
        "node": ">=14"
      }
    },
    "node_modules/@firebase/app": {
      "version": "0.10.2",
      "resolved": "https://registry.npmjs.org/@firebase/app/-/app-0.10.2.tgz",
      "integrity": "sha512-Sk0lQYG0IRIUXkj6Ovaxu0o1E1OdC+IR+UYEYLjXuddr6YjnpFuZ69rTxVja2Ef4TpidJky9o8OoVIaXNjDJ5A==",
      "peer": true,
      "dependencies": {
        "@firebase/component": "0.6.6",
        "@firebase/logger": "0.4.1",
        "@firebase/util": "1.9.5",
        "idb": "7.1.1",
        "tslib": "^2.1.0"
      }
    },
    "node_modules/@firebase/auth": {
      "version": "1.7.2",
      "resolved": "https://registry.npmjs.org/@firebase/auth/-/auth-1.7.2.tgz",
      "integrity": "sha512-I8rrmhjdSYRokfCdElqm4fjJZdi7hh9NDGhXTRmcxkgUNcWoo82nZ0Ncm66MFlTdeLhNHEPzHqd38Gv6b+zpBg==",
      "dependencies": {
        "@firebase/component": "0.6.6",
        "@firebase/logger": "0.4.1",
        "@firebase/util": "1.9.5",
        "tslib": "^2.1.0",
        "undici": "5.28.4"
      },
      "peerDependencies": {
        "@firebase/app": "0.x",
        "@react-native-async-storage/async-storage": "^1.18.1"
      },
      "peerDependenciesMeta": {
        "@react-native-async-storage/async-storage": {
          "optional": true
        }
      }
    },
    "node_modules/@firebase/component": {
      "version": "0.6.6",
      "resolved": "https://registry.npmjs.org/@firebase/component/-/component-0.6.6.tgz",
      "integrity": "sha512-pp7sWqHmAAlA3os6ERgoM3k5Cxff510M9RLXZ9Mc8KFKMBc2ct3RkZTWUF7ixJNvMiK/iNgRLPDrLR2gtRJ9iQ==",
      "dependencies": {
        "@firebase/util": "1.9.5",
        "tslib": "^2.1.0"
      }
    },
    "node_modules/@firebase/logger": {
      "version": "0.4.1",
      "resolved": "https://registry.npmjs.org/@firebase/logger/-/logger-0.4.1.tgz",
      "integrity": "sha512-tTIixB5UJbG9ZHSGZSZdX7THr3KWOLrejZ9B7jYsm6fpwgRNngKznQKA2wgYVyvBc1ta7dGFh9NtJ8n7qfiYIw==",
      "dependencies": {
        "tslib": "^2.1.0"
      }
    },
    "node_modules/@firebase/util": {
      "version": "1.9.5",
      "resolved": "https://registry.npmjs.org/@firebase/util/-/util-1.9.5.tgz",
      "integrity": "sha512-PP4pAFISDxsf70l3pEy34Mf3GkkUcVQ3MdKp6aSVb7tcpfUQxnsdV7twDd8EkfB6zZylH6wpUAoangQDmCUMqw==",
      "dependencies": {
        "tslib": "^2.1.0"
      }
    },
    "node_modules/idb": {
      "version": "7.1.1",
      "resolved": "https://registry.npmjs.org/idb/-/idb-7.1.1.tgz",
      "integrity": "sha512-gchesWBzyvGHRO9W8tzUWFDycow5gwjvFKfyV9FF32Y7F50yZMp7mP+T2mJIWFx49zicqyC4uefHM17o6xKIVQ==",
      "peer": true
    },
    "node_modules/tslib": {
      "version": "2.6.2",
      "resolved": "https://registry.npmjs.org/tslib/-/tslib-2.6.2.tgz",
      "integrity": "sha512-AEYxH93jGFPn/a2iVAwW87VuUIkR1FVUKB77NwMF7nBTDkDrrT/Hpt/IrCJ0QXhW27jTBDcf5ZY7w6RiqTMw2Q=="
    },
    "node_modules/undici": {
      "version": "5.28.4",
      "resolved": "https://registry.npmjs.org/undici/-/undici-5.28.4.tgz",
      "integrity": "sha512-72RFADWFqKmUb2hmmvNODKL3p9hcB6Gt2DOQMis1SEBaV6a4MH8soBvzg+95CYhCKPFedut2JY9bMfrDl9D23g==",
      "dependencies": {
        "@fastify/busboy": "^2.0.0"
      },
      "engines": {
        "node": ">=14.0"
      }
    }
  }
}
